{
  "name": "aemp-http",
  "version": "0.0.1",
  "lockfileVersion": 2,
  "requires": true,
  "packages": {
    "": {
      "name": "aemp-http",
      "version": "0.0.1",
      "dependencies": {
        "xml-js": "1.6.11"
      },
      "devDependencies": {
        "express": "4.18.2"
      }
    }
  }
}
